// !$*UTF8*$!
{
	archiveVersion = 1;
	classes = {
	};
	objectVersion = 46;
	objects = {

/* Begin PBXBuildFile section */
		183E60C81F84FE47006E20DB /* AppDelegate.swift in Sources */ = {isa = PBXBuildFile; fileRef = 183E60C71F84FE47006E20DB /* AppDelegate.swift */; };
		183E60CA1F84FE47006E20DB /* ViewController.swift in Sources */ = {isa = PBXBuildFile; fileRef = 183E60C91F84FE47006E20DB /* ViewController.swift */; };
		183E60CD1F84FE47006E20DB /* Main.storyboard in Resources */ = {isa = PBXBuildFile; fileRef = 183E60CB1F84FE47006E20DB /* Main.storyboard */; };
		183E60CF1F84FE47006E20DB /* Assets.xcassets in Resources */ = {isa = PBXBuildFile; fileRef = 183E60CE1F84FE47006E20DB /* Assets.xcassets */; };
		183E60D21F84FE47006E20DB /* LaunchScreen.storyboard in Resources */ = {isa = PBXBuildFile; fileRef = 183E60D01F84FE47006E20DB /* LaunchScreen.storyboard */; };
		183E60DD1F84FE47006E20DB /* Test_ProjectTests.swift in Sources */ = {isa = PBXBuildFile; fileRef = 183E60DC1F84FE47006E20DB /* Test_ProjectTests.swift */; };
		183E60E81F84FE47006E20DB /* Test_ProjectUITests.swift in Sources */ = {isa = PBXBuildFile; fileRef = 183E60E71F84FE47006E20DB /* Test_ProjectUITests.swift */; };
/* End PBXBuildFile section */

/* Begin PBXContainerItemProxy section */
		183E60D91F84FE47006E20DB /* PBXContainerItemProxy */ = {
			isa = PBXContainerItemProxy;
			containerPortal = 183E60BC1F84FE46006E20DB /* Project object */;
			proxyType = 1;
			remoteGlobalIDString = 183E60C31F84FE47006E20DB;
			remoteInfo = Test_Project;
		};
		183E60E41F84FE47006E20DB /* PBXContainerItemProxy */ = {
			isa = PBXContainerItemProxy;
			containerPortal = 183E60BC1F84FE46006E20DB /* Project object */;
			proxyType = 1;
			remoteGlobalIDString = 183E60C31F84FE47006E20DB;
			remoteInfo = Test_Project;
		};
/* End PBXContainerItemProxy section */

/* Begin PBXFileReference section */
		183E60C41F84FE47006E20DB /* Test_Project.app */ = {isa = PBXFileReference; explicitFileType = wrapper.application; includeInIndex = 0; path = Test_Project.app; sourceTree = BUILT_PRODUCTS_DIR; };
		183E60C71F84FE47006E20DB /* AppDelegate.swift */ = {isa = PBXFileReference; lastKnownFileType = sourcecode.swift; path = AppDelegate.swift; sourceTree = "<group>"; };
		183E60C91F84FE47006E20DB /* ViewController.swift */ = {isa = PBXFileReference; lastKnownFileType = sourcecode.swift; path = ViewController.swift; sourceTree = "<group>"; };
		183E60CC1F84FE47006E20DB /* Base */ = {isa = PBXFileReference; lastKnownFileType = file.storyboard; name = Base; path = Base.lproj/Main.storyboard; sourceTree = "<group>"; };
		183E60CE1F84FE47006E20DB /* Assets.xcassets */ = {isa = PBXFileReference; lastKnownFileType = folder.assetcatalog; path = Assets.xcassets; sourceTree = "<group>"; };
		183E60D11F84FE47006E20DB /* Base */ = {isa = PBXFileReference; lastKnownFileType = file.storyboard; name = Base; path = Base.lproj/LaunchScreen.storyboard; sourceTree = "<group>"; };
		183E60D31F84FE47006E20DB /* Info.plist */ = {isa = PBXFileReference; lastKnownFileType = text.plist.xml; path = Info.plist; sourceTree = "<group>"; };
		183E60D81F84FE47006E20DB /* Test_ProjectTests.xctest */ = {isa = PBXFileReference; explicitFileType = wrapper.cfbundle; includeInIndex = 0; path = Test_ProjectTests.xctest; sourceTree = BUILT_PRODUCTS_DIR; };
		183E60DC1F84FE47006E20DB /* Test_ProjectTests.swift */ = {isa = PBXFileReference; lastKnownFileType = sourcecode.swift; path = Test_ProjectTests.swift; sourceTree = "<group>"; };
		183E60DE1F84FE47006E20DB /* Info.plist */ = {isa = PBXFileReference; lastKnownFileType = text.plist.xml; path = Info.plist; sourceTree = "<group>"; };
		183E60E31F84FE47006E20DB /* Test_ProjectUITests.xctest */ = {isa = PBXFileReference; explicitFileType = wrapper.cfbundle; includeInIndex = 0; path = Test_ProjectUITests.xctest; sourceTree = BUILT_PRODUCTS_DIR; };
		183E60E71F84FE47006E20DB /* Test_ProjectUITests.swift */ = {isa = PBXFileReference; lastKnownFileType = sourcecode.swift; path = Test_ProjectUITests.swift; sourceTree = "<group>"; };
		183E60E91F84FE47006E20DB /* Info.plist */ = {isa = PBXFileReference; lastKnownFileType = text.plist.xml; path = Info.plist; sourceTree = "<group>"; };
/* End PBXFileReference section */

/* Begin PBXFrameworksBuildPhase section */
		183E60C11F84FE47006E20DB /* Frameworks */ = {
			isa = PBXFrameworksBuildPhase;
			buildActionMask = 2147483647;
			files = (
			);
			runOnlyForDeploymentPostprocessing = 0;
		};
		183E60D51F84FE47006E20DB /* Frameworks */ = {
			isa = PBXFrameworksBuildPhase;
			buildActionMask = 2147483647;
			files = (
			);
			runOnlyForDeploymentPostprocessing = 0;
		};
		183E60E01F84FE47006E20DB /* Frameworks */ = {
			isa = PBXFrameworksBuildPhase;
			buildActionMask = 2147483647;
			files = (
			);
			runOnlyForDeploymentPostprocessing = 0;
		};
/* End PBXFrameworksBuildPhase section */

/* Begin PBXGroup section */
		183E60BB1F84FE46006E20DB = {
			isa = PBXGroup;
			children = (
				183E60C61F84FE47006E20DB /* Test_Project */,
				183E60DB1F84FE47006E20DB /* Test_ProjectTests */,
				183E60E61F84FE47006E20DB /* Test_ProjectUITests */,
				183E60C51F84FE47006E20DB /* Products */,
			);
			sourceTree = "<group>";
		};
		183E60C51F84FE47006E20DB /* Products */ = {
			isa = PBXGroup;
			children = (
				183E60C41F84FE47006E20DB /* Test_Project.app */,
				183E60D81F84FE47006E20DB /* Test_ProjectTests.xctest */,
				183E60E31F84FE47006E20DB /* Test_ProjectUITests.xctest */,
			);
			name = Products;
			sourceTree = "<group>";
		};
		183E60C61F84FE47006E20DB /* Test_Project */ = {
			isa = PBXGroup;
			children = (
				183E60C71F84FE47006E20DB /* AppDelegate.swift */,
				183E60C91F84FE47006E20DB /* ViewController.swift */,
				183E60CB1F84FE47006E20DB /* Main.storyboard */,
				183E60CE1F84FE47006E20DB /* Assets.xcassets */,
				183E60D01F84FE47006E20DB /* LaunchScreen.storyboard */,
				183E60D31F84FE47006E20DB /* Info.plist */,
			);
			path = Test_Project;
			sourceTree = "<group>";
		};
		183E60DB1F84FE47006E20DB /* Test_ProjectTests */ = {
			isa = PBXGroup;
			children = (
				183E60DC1F84FE47006E20DB /* Test_ProjectTests.swift */,
				183E60DE1F84FE47006E20DB /* Info.plist */,
			);
			path = Test_ProjectTests;
			sourceTree = "<group>";
		};
		183E60E61F84FE47006E20DB /* Test_ProjectUITests */ = {
			isa = PBXGroup;
			children = (
				183E60E71F84FE47006E20DB /* Test_ProjectUITests.swift */,
				183E60E91F84FE47006E20DB /* Info.plist */,
			);
			path = Test_ProjectUITests;
			sourceTree = "<group>";
		};
/* End PBXGroup section */

/* Begin PBXNativeTarget section */
		183E60C31F84FE47006E20DB /* Test_Project */ = {
			isa = PBXNativeTarget;
			buildConfigurationList = 183E60EC1F84FE47006E20DB /* Build configuration list for PBXNativeTarget "Test_Project" */;
			buildPhases = (
				183E60C01F84FE47006E20DB /* Sources */,
				183E60C11F84FE47006E20DB /* Frameworks */,
				183E60C21F84FE47006E20DB /* Resources */,
			);
			buildRules = (
			);
			dependencies = (
			);
			name = Test_Project;
			productName = Test_Project;
			productReference = 183E60C41F84FE47006E20DB /* Test_Project.app */;
			productType = "com.apple.product-type.application";
		};
		183E60D71F84FE47006E20DB /* Test_ProjectTests */ = {
			isa = PBXNativeTarget;
			buildConfigurationList = 183E60EF1F84FE47006E20DB /* Build configuration list for PBXNativeTarget "Test_ProjectTests" */;
			buildPhases = (
				183E60D41F84FE47006E20DB /* Sources */,
				183E60D51F84FE47006E20DB /* Frameworks */,
				183E60D61F84FE47006E20DB /* Resources */,
			);
			buildRules = (
			);
			dependencies = (
				183E60DA1F84FE47006E20DB /* PBXTargetDependency */,
			);
			name = Test_ProjectTests;
			productName = Test_ProjectTests;
			productReference = 183E60D81F84FE47006E20DB /* Test_ProjectTests.xctest */;
			productType = "com.apple.product-type.bundle.unit-test";
		};
		183E60E21F84FE47006E20DB /* Test_ProjectUITests */ = {
			isa = PBXNativeTarget;
			buildConfigurationList = 183E60F21F84FE47006E20DB /* Build configuration list for PBXNativeTarget "Test_ProjectUITests" */;
			buildPhases = (
				183E60DF1F84FE47006E20DB /* Sources */,
				183E60E01F84FE47006E20DB /* Frameworks */,
				183E60E11F84FE47006E20DB /* Resources */,
			);
			buildRules = (
			);
			dependencies = (
				183E60E51F84FE47006E20DB /* PBXTargetDependency */,
			);
			name = Test_ProjectUITests;
			productName = Test_ProjectUITests;
			productReference = 183E60E31F84FE47006E20DB /* Test_ProjectUITests.xctest */;
			productType = "com.apple.product-type.bundle.ui-testing";
		};
/* End PBXNativeTarget section */

/* Begin PBXProject section */
		183E60BC1F84FE46006E20DB /* Project object */ = {
			isa = PBXProject;
			attributes = {
				LastSwiftUpdateCheck = 0820;
				LastUpgradeCheck = 0820;
				ORGANIZATIONNAME = apple;
				TargetAttributes = {
					183E60C31F84FE47006E20DB = {
						CreatedOnToolsVersion = 8.2.1;
						ProvisioningStyle = Automatic;
					};
					183E60D71F84FE47006E20DB = {
						CreatedOnToolsVersion = 8.2.1;
						ProvisioningStyle = Automatic;
						TestTargetID = 183E60C31F84FE47006E20DB;
					};
					183E60E21F84FE47006E20DB = {
						CreatedOnToolsVersion = 8.2.1;
						ProvisioningStyle = Automatic;
						TestTargetID = 183E60C31F84FE47006E20DB;
					};
				};
			};
			buildConfigurationList = 183E60BF1F84FE46006E20DB /* Build configuration list for PBXProject "Test_Project" */;
			compatibilityVersion = "Xcode 3.2";
			developmentRegion = English;
			hasScannedForEncodings = 0;
			knownRegions = (
				en,
				Base,
			);
			mainGroup = 183E60BB1F84FE46006E20DB;
			productRefGroup = 183E60C51F84FE47006E20DB /* Products */;
			projectDirPath = "";
			projectRoot = "";
			targets = (
				183E60C31F84FE47006E20DB /* Test_Project */,
				183E60D71F84FE47006E20DB /* Test_ProjectTests */,
				183E60E21F84FE47006E20DB /* Test_ProjectUITests */,
			);
		};
/* End PBXProject section */

/* Begin PBXResourcesBuildPhase section */
		183E60C21F84FE47006E20DB /* Resources */ = {
			isa = PBXResourcesBuildPhase;
			buildActionMask = 2147483647;
			files = (
				183E60D21F84FE47006E20DB /* LaunchScreen.storyboard in Resources */,
				183E60CF1F84FE47006E20DB /* Assets.xcassets in Resources */,
				183E60CD1F84FE47006E20DB /* Main.storyboard in Resources */,
			);
			runOnlyForDeploymentPostprocessing = 0;
		};
		183E60D61F84FE47006E20DB /* Resources */ = {
			isa = PBXResourcesBuildPhase;
			buildActionMask = 2147483647;
			files = (
			);
			runOnlyForDeploymentPostprocessing = 0;
		};
		183E60E11F84FE47006E20DB /* Resources */ = {
			isa = PBXResourcesBuildPhase;
			buildActionMask = 2147483647;
			files = (
			);
			runOnlyForDeploymentPostprocessing = 0;
		};
/* End PBXResourcesBuildPhase section */

/* Begin PBXSourcesBuildPhase section */
		183E60C01F84FE47006E20DB /* Sources */ = {
			isa = PBXSourcesBuildPhase;
			buildActionMask = 2147483647;
			files = (
				183E60CA1F84FE47006E20DB /* ViewController.swift in Sources */,
				183E60C81F84FE47006E20DB /* AppDelegate.swift in Sources */,
			);
			runOnlyForDeploymentPostprocessing = 0;
		};
		183E60D41F84FE47006E20DB /* Sources */ = {
			isa = PBXSourcesBuildPhase;
			buildActionMask = 2147483647;
			files = (
				183E60DD1F84FE47006E20DB /* Test_ProjectTests.swift in Sources */,
			);
			runOnlyForDeploymentPostprocessing = 0;
		};
		183E60DF1F84FE47006E20DB /* Sources */ = {
			isa = PBXSourcesBuildPhase;
			buildActionMask = 2147483647;
			files = (
				183E60E81F84FE47006E20DB /* Test_ProjectUITests.swift in Sources */,
			);
			runOnlyForDeploymentPostprocessing = 0;
		};
/* End PBXSourcesBuildPhase section */

/* Begin PBXTargetDependency section */
		183E60DA1F84FE47006E20DB /* PBXTargetDependency */ = {
			isa = PBXTargetDependency;
			target = 183E60C31F84FE47006E20DB /* Test_Project */;
			targetProxy = 183E60D91F84FE47006E20DB /* PBXContainerItemProxy */;
		};
		183E60E51F84FE47006E20DB /* PBXTargetDependency */ = {
			isa = PBXTargetDependency;
			target = 183E60C31F84FE47006E20DB /* Test_Project */;
			targetProxy = 183E60E41F84FE47006E20DB /* PBXContainerItemProxy */;
		};
/* End PBXTargetDependency section */

/* Begin PBXVariantGroup section */
		183E60CB1F84FE47006E20DB /* Main.storyboard */ = {
			isa = PBXVariantGroup;
			children = (
				183E60CC1F84FE47006E20DB /* Base */,
			);
			name = Main.storyboard;
			sourceTree = "<group>";
		};
		183E60D01F84FE47006E20DB /* LaunchScreen.storyboard */ = {
			isa = PBXVariantGroup;
			children = (
				183E60D11F84FE47006E20DB /* Base */,
			);
			name = LaunchScreen.storyboard;
			sourceTree = "<group>";
		};
/* End PBXVariantGroup section */

/* Begin XCBuildConfiguration section */
		183E60EA1F84FE47006E20DB /* Debug */ = {
			isa = XCBuildConfiguration;
			buildSettings = {
				ALWAYS_SEARCH_USER_PATHS = NO;
				CLANG_ANALYZER_NONNULL = YES;
				CLANG_CXX_LANGUAGE_STANDARD = "gnu++0x";
				CLANG_CXX_LIBRARY = "libc++";
				CLANG_ENABLE_MODULES = YES;
				CLANG_ENABLE_OBJC_ARC = YES;
				CLANG_WARN_BOOL_CONVERSION = YES;
				CLANG_WARN_CONSTANT_CONVERSION = YES;
				CLANG_WARN_DIRECT_OBJC_ISA_USAGE = YES_ERROR;
				CLANG_WARN_DOCUMENTATION_COMMENTS = YES;
				CLANG_WARN_EMPTY_BODY = YES;
				CLANG_WARN_ENUM_CONVERSION = YES;
				CLANG_WARN_INFINITE_RECURSION = YES;
				CLANG_WARN_INT_CONVERSION = YES;
				CLANG_WARN_OBJC_ROOT_CLASS = YES_ERROR;
				CLANG_WARN_SUSPICIOUS_MOVE = YES;
				CLANG_WARN_UNREACHABLE_CODE = YES;
				CLANG_WARN__DUPLICATE_METHOD_MATCH = YES;
				"CODE_SIGN_IDENTITY[sdk=iphoneos*]" = "iPhone Developer";
				COPY_PHASE_STRIP = NO;
				DEBUG_INFORMATION_FORMAT = dwarf;
				ENABLE_STRICT_OBJC_MSGSEND = YES;
				ENABLE_TESTABILITY = YES;
				GCC_C_LANGUAGE_STANDARD = gnu99;
				GCC_DYNAMIC_NO_PIC = NO;
				GCC_NO_COMMON_BLOCKS = YES;
				GCC_OPTIMIZATION_LEVEL = 0;
				GCC_PREPROCESSOR_DEFINITIONS = (
					"DEBUG=1",
					"$(inherited)",
				);
				GCC_WARN_64_TO_32_BIT_CONVERSION = YES;
				GCC_WARN_ABOUT_RETURN_TYPE = YES_ERROR;
				GCC_WARN_UNDECLARED_SELECTOR = YES;
				GCC_WARN_UNINITIALIZED_AUTOS = YES_AGGRESSIVE;
				GCC_WARN_UNUSED_FUNCTION = YES;
				GCC_WARN_UNUSED_VARIABLE = YES;
				IPHONEOS_DEPLOYMENT_TARGET = 10.2;
				MTL_ENABLE_DEBUG_INFO = YES;
				ONLY_ACTIVE_ARCH = YES;
				SDKROOT = iphoneos;
				SWIFT_ACTIVE_COMPILATION_CONDITIONS = DEBUG;
				SWIFT_OPTIMIZATION_LEVEL = "-Onone";
				TARGETED_DEVICE_FAMILY = "1,2";
			};
			name = Debug;
		};
		183E60EB1F84FE47006E20DB /* Release */ = {
			isa = XCBuildConfiguration;
			buildSettings = {
				ALWAYS_SEARCH_USER_PATHS = NO;
				CLANG_ANALYZER_NONNULL = YES;
				CLANG_CXX_LANGUAGE_STANDARD = "gnu++0x";
				CLANG_CXX_LIBRARY = "libc++";
				CLANG_ENABLE_MODULES = YES;
				CLANG_ENABLE_OBJC_ARC = YES;
				CLANG_WARN_BOOL_CONVERSION = YES;
				CLANG_WARN_CONSTANT_CONVERSION = YES;
				CLANG_WARN_DIRECT_OBJC_ISA_USAGE = YES_ERROR;
				CLANG_WARN_DOCUMENTATION_COMMENTS = YES;
				CLANG_WARN_EMPTY_BODY = YES;
				CLANG_WARN_ENUM_CONVERSION = YES;
				CLANG_WARN_INFINITE_RECURSION = YES;
				CLANG_WARN_INT_CONVERSION = YES;
				CLANG_WARN_OBJC_ROOT_CLASS = YES_ERROR;
				CLANG_WARN_SUSPICIOUS_MOVE = YES;
				CLANG_WARN_UNREACHABLE_CODE = YES;
				CLANG_WARN__DUPLICATE_METHOD_MATCH = YES;
				"CODE_SIGN_IDENTITY[sdk=iphoneos*]" = "iPhone Developer";
				COPY_PHASE_STRIP = NO;
				DEBUG_INFORMATION_FORMAT = "dwarf-with-dsym";
				ENABLE_NS_ASSERTIONS = NO;
				ENABLE_STRICT_OBJC_MSGSEND = YES;
				GCC_C_LANGUAGE_STANDARD = gnu99;
				GCC_NO_COMMON_BLOCKS = YES;
				GCC_WARN_64_TO_32_BIT_CONVERSION = YES;
				GCC_WARN_ABOUT_RETURN_TYPE = YES_ERROR;
				GCC_WARN_UNDECLARED_SELECTOR = YES;
				GCC_WARN_UNINITIALIZED_AUTOS = YES_AGGRESSIVE;
				GCC_WARN_UNUSED_FUNCTION = YES;
				GCC_WARN_UNUSED_VARIABLE = YES;
				IPHONEOS_DEPLOYMENT_TARGET = 10.2;
				MTL_ENABLE_DEBUG_INFO = NO;
				SDKROOT = iphoneos;
				SWIFT_OPTIMIZATION_LEVEL = "-Owholemodule";
				TARGETED_DEVICE_FAMILY = "1,2";
				VALIDATE_PRODUCT = YES;
			};
			name = Release;
		};
		183E60ED1F84FE47006E20DB /* Debug */ = {
			isa = XCBuildConfiguration;
			buildSettings = {
				ASSETCATALOG_COMPILER_APPICON_NAME = AppIcon;
				INFOPLIST_FILE = Test_Project/Info.plist;
				LD_RUNPATH_SEARCH_PATHS = "$(inherited) @executable_path/Frameworks";
				PRODUCT_BUNDLE_IDENTIFIER = "com.launchship.imagereader.Test-Project";
				PRODUCT_NAME = "$(TARGET_NAME)";
				SWIFT_VERSION = 3.0;
			};
			name = Debug;
		};
		183E60EE1F84FE47006E20DB /* Release */ = {
			isa = XCBuildConfiguration;
			buildSettings = {
				ASSETCATALOG_COMPILER_APPICON_NAME = AppIcon;
				INFOPLIST_FILE = Test_Project/Info.plist;
				LD_RUNPATH_SEARCH_PATHS = "$(inherited) @executable_path/Frameworks";
				PRODUCT_BUNDLE_IDENTIFIER = "com.launchship.imagereader.Test-Project";
				PRODUCT_NAME = "$(TARGET_NAME)";
				SWIFT_VERSION = 3.0;
			};
			name = Release;
		};
		183E60F01F84FE47006E20DB /* Debug */ = {
			isa = XCBuildConfiguration;
			buildSettings = {
				ALWAYS_EMBED_SWIFT_STANDARD_LIBRARIES = YES;
				BUNDLE_LOADER = "$(TEST_HOST)";
				INFOPLIST_FILE = Test_ProjectTests/Info.plist;
				LD_RUNPATH_SEARCH_PATHS = "$(inherited) @executable_path/Frameworks @loader_path/Frameworks";
				PRODUCT_BUNDLE_IDENTIFIER = "com.launchship.imagereader.Test-ProjectTests";
				PRODUCT_NAME = "$(TARGET_NAME)";
				SWIFT_VERSION = 3.0;
				TEST_HOST = "$(BUILT_PRODUCTS_DIR)/Test_Project.app/Test_Project";
			};
			name = Debug;
		};
		183E60F11F84FE47006E20DB /* Release */ = {
			isa = XCBuildConfiguration;
			buildSettings = {
				ALWAYS_EMBED_SWIFT_STANDARD_LIBRARIES = YES;
				BUNDLE_LOADER = "$(TEST_HOST)";
				INFOPLIST_FILE = Test_ProjectTests/Info.plist;
				LD_RUNPATH_SEARCH_PATHS = "$(inherited) @executable_path/Frameworks @loader_path/Frameworks";
				PRODUCT_BUNDLE_IDENTIFIER = "com.launchship.imagereader.Test-ProjectTests";
				PRODUCT_NAME = "$(TARGET_NAME)";
				SWIFT_VERSION = 3.0;
				TEST_HOST = "$(BUILT_PRODUCTS_DIR)/Test_Project.app/Test_Project";
			};
			name = Release;
		};
		183E60F31F84FE47006E20DB /* Debug */ = {
			isa = XCBuildConfiguration;
			buildSettings = {
				ALWAYS_EMBED_SWIFT_STANDARD_LIBRARIES = YES;
				INFOPLIST_FILE = Test_ProjectUITests/Info.plist;
				LD_RUNPATH_SEARCH_PATHS = "$(inherited) @executable_path/Frameworks @loader_path/Frameworks";
				PRODUCT_BUNDLE_IDENTIFIER = "com.launchship.imagereader.Test-ProjectUITests";
				PRODUCT_NAME = "$(TARGET_NAME)";
				SWIFT_VERSION = 3.0;
				TEST_TARGET_NAME = Test_Project;
			};
			name = Debug;
		};
		183E60F41F84FE47006E20DB /* Release */ = {
			isa = XCBuildConfiguration;
			buildSettings = {
				ALWAYS_EMBED_SWIFT_STANDARD_LIBRARIES = YES;
				INFOPLIST_FILE = Test_ProjectUITests/Info.plist;
				LD_RUNPATH_SEARCH_PATHS = "$(inherited) @executable_path/Frameworks @loader_path/Frameworks";
				PRODUCT_BUNDLE_IDENTIFIER = "com.launchship.imagereader.Test-ProjectUITests";
				PRODUCT_NAME = "$(TARGET_NAME)";
				SWIFT_VERSION = 3.0;
				TEST_TARGET_NAME = Test_Project;
			};
			name = Release;
		};
/* End XCBuildConfiguration section */

/* Begin XCConfigurationList section */
		183E60BF1F84FE46006E20DB /* Build configuration list for PBXProject "Test_Project" */ = {
			isa = XCConfigurationList;
			buildConfigurations = (
				183E60EA1F84FE47006E20DB /* Debug */,
				183E60EB1F84FE47006E20DB /* Release */,
			);
			defaultConfigurationIsVisible = 0;
			defaultConfigurationName = Release;
		};
		183E60EC1F84FE47006E20DB /* Build configuration list for PBXNativeTarget "Test_Project" */ = {
			isa = XCConfigurationList;
			buildConfigurations = (
				183E60ED1F84FE47006E20DB /* Debug */,
				183E60EE1F84FE47006E20DB /* Release */,
			);
			defaultConfigurationIsVisible = 0;
		};
		183E60EF1F84FE47006E20DB /* Build configuration list for PBXNativeTarget "Test_ProjectTests" */ = {
			isa = XCConfigurationList;
			buildConfigurations = (
				183E60F01F84FE47006E20DB /* Debug */,
				183E60F11F84FE47006E20DB /* Release */,
			);
			defaultConfigurationIsVisible = 0;
		};
		183E60F21F84FE47006E20DB /* Build configuration list for PBXNativeTarget "Test_ProjectUITests" */ = {
			isa = XCConfigurationList;
			buildConfigurations = (
				183E60F31F84FE47006E20DB /* Debug */,
				183E60F41F84FE47006E20DB /* Release */,
			);
			defaultConfigurationIsVisible = 0;
		};
/* End XCConfigurationList section */
	};
	rootObject = 183E60BC1F84FE46006E20DB /* Project object */;
}
